
Microsoft Visual Studio Solution File, Format Version 12.00
# Visual Studio Version 17
VisualStudioVersion = 17.11.35327.3
MinimumVisualStudioVersion = 10.0.40219.1
Project("{FAE04EC0-301F-11D3-BF4B-00C04F79EFBC}") = "FetchGitHubPublicRepo.ConsoleApp", "FetchGitHubPublicRepo.ConsoleApp\FetchGitHubPublicRepo.ConsoleApp.csproj", "{0E090616-5E8A-4168-BD62-F2DA94756822}"
EndProject
Global
	GlobalSection(SolutionConfigurationPlatforms) = preSolution
		Debug|Any CPU = Debug|Any CPU
		Release|Any CPU = Release|Any CPU
	EndGlobalSection
	GlobalSection(ProjectConfigurationPlatforms) = postSolution
		{0E090616-5E8A-4168-BD62-F2DA94756822}.Debug|Any CPU.ActiveCfg = Debug|Any CPU
		{0E090616-5E8A-4168-BD62-F2DA94756822}.Debug|Any CPU.Build.0 = Debug|Any CPU
		{0E090616-5E8A-4168-BD62-F2DA94756822}.Release|Any CPU.ActiveCfg = Release|Any CPU
		{0E090616-5E8A-4168-BD62-F2DA94756822}.Release|Any CPU.Build.0 = Release|Any CPU
	EndGlobalSection
	GlobalSection(SolutionProperties) = preSolution
		HideSolutionNode = FALSE
	EndGlobalSection
	GlobalSection(ExtensibilityGlobals) = postSolution
		SolutionGuid = {D38FB9CD-4BA8-4B54-97F3-373EDF5475E1}
	EndGlobalSection
EndGlobal
